
Microsoft Visual Studio Solution File, Format Version 12.00
# Visual Studio Version 16
VisualStudioVersion = 16.0.29418.71
MinimumVisualStudioVersion = 10.0.40219.1
Project("{FAE04EC0-301F-11D3-BF4B-00C04F79EFBC}") = "ElectronDashboardDummyDataAdapter", "ElectronDashboardDummyDataAdapter\ElectronDashboardDummyDataAdapter.csproj", "{B53A2B68-B110-48F8-97BA-D190DBF79ABE}"
EndProject
Project("{FAE04EC0-301F-11D3-BF4B-00C04F79EFBC}") = "AdapterUtils", "AdapterUtils\AdapterUtils.csproj", "{53C5A1DF-BF5E-4BD9-9135-E71001F62CD9}"
EndProject
Project("{FAE04EC0-301F-11D3-BF4B-00C04F79EFBC}") = "ElectronDashboardExcelDataAdapter", "ElectronDashboardExcelDataAdapter\ElectronDashboardExcelDataAdapter.csproj", "{E52D2F98-591D-48D9-8787-7480D3D40E5D}"
EndProject
Global
	GlobalSection(SolutionConfigurationPlatforms) = preSolution
		Debug|Any CPU = Debug|Any CPU
		Release|Any CPU = Release|Any CPU
	EndGlobalSection
	GlobalSection(ProjectConfigurationPlatforms) = postSolution
		{B53A2B68-B110-48F8-97BA-D190DBF79ABE}.Debug|Any CPU.ActiveCfg = Debug|Any CPU
		{B53A2B68-B110-48F8-97BA-D190DBF79ABE}.Debug|Any CPU.Build.0 = Debug|Any CPU
		{B53A2B68-B110-48F8-97BA-D190DBF79ABE}.Release|Any CPU.ActiveCfg = Release|Any CPU
		{B53A2B68-B110-48F8-97BA-D190DBF79ABE}.Release|Any CPU.Build.0 = Release|Any CPU
		{53C5A1DF-BF5E-4BD9-9135-E71001F62CD9}.Debug|Any CPU.ActiveCfg = Debug|Any CPU
		{53C5A1DF-BF5E-4BD9-9135-E71001F62CD9}.Debug|Any CPU.Build.0 = Debug|Any CPU
		{53C5A1DF-BF5E-4BD9-9135-E71001F62CD9}.Release|Any CPU.ActiveCfg = Release|Any CPU
		{53C5A1DF-BF5E-4BD9-9135-E71001F62CD9}.Release|Any CPU.Build.0 = Release|Any CPU
		{E52D2F98-591D-48D9-8787-7480D3D40E5D}.Debug|Any CPU.ActiveCfg = Debug|Any CPU
		{E52D2F98-591D-48D9-8787-7480D3D40E5D}.Debug|Any CPU.Build.0 = Debug|Any CPU
		{E52D2F98-591D-48D9-8787-7480D3D40E5D}.Release|Any CPU.ActiveCfg = Release|Any CPU
		{E52D2F98-591D-48D9-8787-7480D3D40E5D}.Release|Any CPU.Build.0 = Release|Any CPU
	EndGlobalSection
	GlobalSection(SolutionProperties) = preSolution
		HideSolutionNode = FALSE
	EndGlobalSection
	GlobalSection(ExtensibilityGlobals) = postSolution
		SolutionGuid = {DCEFAB02-8724-4881-83CD-1C0CCBF3558F}
	EndGlobalSection
EndGlobal
